// !$*UTF8*$!
{
	archiveVersion = 1;
	classes = {
	};
	objectVersion = 46;
	objects = {

/* Begin PBXBuildFile section */
		45926D8818DE380100280908 /* Foundation.framework in Frameworks */ = {isa = PBXBuildFile; fileRef = 45926D8718DE380100280908 /* Foundation.framework */; };
		45926D8A18DE380100280908 /* CoreGraphics.framework in Frameworks */ = {isa = PBXBuildFile; fileRef = 45926D8918DE380100280908 /* CoreGraphics.framework */; };
		45926D8C18DE380100280908 /* UIKit.framework in Frameworks */ = {isa = PBXBuildFile; fileRef = 45926D8B18DE380100280908 /* UIKit.framework */; };
		45926D9218DE380100280908 /* InfoPlist.strings in Resources */ = {isa = PBXBuildFile; fileRef = 45926D9018DE380100280908 /* InfoPlist.strings */; };
		45926D9418DE380100280908 /* main.m in Sources */ = {isa = PBXBuildFile; fileRef = 45926D9318DE380100280908 /* main.m */; };
		45926D9818DE380100280908 /* AppDelegate.m in Sources */ = {isa = PBXBuildFile; fileRef = 45926D9718DE380100280908 /* AppDelegate.m */; };
		45926D9A18DE380100280908 /* Images.xcassets in Resources */ = {isa = PBXBuildFile; fileRef = 45926D9918DE380100280908 /* Images.xcassets */; };
		45926DA118DE380100280908 /* XCTest.framework in Frameworks */ = {isa = PBXBuildFile; fileRef = 45926DA018DE380100280908 /* XCTest.framework */; };
		45926DA218DE380100280908 /* Foundation.framework in Frameworks */ = {isa = PBXBuildFile; fileRef = 45926D8718DE380100280908 /* Foundation.framework */; };
		45926DA318DE380100280908 /* UIKit.framework in Frameworks */ = {isa = PBXBuildFile; fileRef = 45926D8B18DE380100280908 /* UIKit.framework */; };
		45926DAB18DE380100280908 /* InfoPlist.strings in Resources */ = {isa = PBXBuildFile; fileRef = 45926DA918DE380100280908 /* InfoPlist.strings */; };
		45926DAD18DE380100280908 /* WeatherTestTests.m in Sources */ = {isa = PBXBuildFile; fileRef = 45926DAC18DE380100280908 /* WeatherTestTests.m */; };
/* End PBXBuildFile section */

/* Begin PBXContainerItemProxy section */
		45926DA418DE380100280908 /* PBXContainerItemProxy */ = {
			isa = PBXContainerItemProxy;
			containerPortal = 45926D7C18DE380100280908 /* Project object */;
			proxyType = 1;
			remoteGlobalIDString = 45926D8318DE380100280908;
			remoteInfo = WeatherTest;
		};
/* End PBXContainerItemProxy section */

/* Begin PBXFileReference section */
		45926D8418DE380100280908 /* WeatherTest.app */ = {isa = PBXFileReference; explicitFileType = wrapper.application; includeInIndex = 0; path = WeatherTest.app; sourceTree = BUILT_PRODUCTS_DIR; };
		45926D8718DE380100280908 /* Foundation.framework */ = {isa = PBXFileReference; lastKnownFileType = wrapper.framework; name = Foundation.framework; path = System/Library/Frameworks/Foundation.framework; sourceTree = SDKROOT; };
		45926D8918DE380100280908 /* CoreGraphics.framework */ = {isa = PBXFileReference; lastKnownFileType = wrapper.framework; name = CoreGraphics.framework; path = System/Library/Frameworks/CoreGraphics.framework; sourceTree = SDKROOT; };
		45926D8B18DE380100280908 /* UIKit.framework */ = {isa = PBXFileReference; lastKnownFileType = wrapper.framework; name = UIKit.framework; path = System/Library/Frameworks/UIKit.framework; sourceTree = SDKROOT; };
		45926D8F18DE380100280908 /* WeatherTest-Info.plist */ = {isa = PBXFileReference; lastKnownFileType = text.plist.xml; path = "WeatherTest-Info.plist"; sourceTree = "<group>"; };
		45926D9118DE380100280908 /* en */ = {isa = PBXFileReference; lastKnownFileType = text.plist.strings; name = en; path = en.lproj/InfoPlist.strings; sourceTree = "<group>"; };
		45926D9318DE380100280908 /* main.m */ = {isa = PBXFileReference; lastKnownFileType = sourcecode.c.objc; path = main.m; sourceTree = "<group>"; };
		45926D9518DE380100280908 /* WeatherTest-Prefix.pch */ = {isa = PBXFileReference; lastKnownFileType = sourcecode.c.h; path = "WeatherTest-Prefix.pch"; sourceTree = "<group>"; };
		45926D9618DE380100280908 /* AppDelegate.h */ = {isa = PBXFileReference; lastKnownFileType = sourcecode.c.h; path = AppDelegate.h; sourceTree = "<group>"; };
		45926D9718DE380100280908 /* AppDelegate.m */ = {isa = PBXFileReference; lastKnownFileType = sourcecode.c.objc; path = AppDelegate.m; sourceTree = "<group>"; };
		45926D9918DE380100280908 /* Images.xcassets */ = {isa = PBXFileReference; lastKnownFileType = folder.assetcatalog; path = Images.xcassets; sourceTree = "<group>"; };
		45926D9F18DE380100280908 /* WeatherTestTests.xctest */ = {isa = PBXFileReference; explicitFileType = wrapper.cfbundle; includeInIndex = 0; path = WeatherTestTests.xctest; sourceTree = BUILT_PRODUCTS_DIR; };
		45926DA018DE380100280908 /* XCTest.framework */ = {isa = PBXFileReference; lastKnownFileType = wrapper.framework; name = XCTest.framework; path = Library/Frameworks/XCTest.framework; sourceTree = DEVELOPER_DIR; };
		45926DA818DE380100280908 /* WeatherTestTests-Info.plist */ = {isa = PBXFileReference; lastKnownFileType = text.plist.xml; path = "WeatherTestTests-Info.plist"; sourceTree = "<group>"; };
		45926DAA18DE380100280908 /* en */ = {isa = PBXFileReference; lastKnownFileType = text.plist.strings; name = en; path = en.lproj/InfoPlist.strings; sourceTree = "<group>"; };
		45926DAC18DE380100280908 /* WeatherTestTests.m */ = {isa = PBXFileReference; lastKnownFileType = sourcecode.c.objc; path = WeatherTestTests.m; sourceTree = "<group>"; };
/* End PBXFileReference section */

/* Begin PBXFrameworksBuildPhase section */
		45926D8118DE380100280908 /* Frameworks */ = {
			isa = PBXFrameworksBuildPhase;
			buildActionMask = 2147483647;
			files = (
				45926D8A18DE380100280908 /* CoreGraphics.framework in Frameworks */,
				45926D8C18DE380100280908 /* UIKit.framework in Frameworks */,
				45926D8818DE380100280908 /* Foundation.framework in Frameworks */,
			);
			runOnlyForDeploymentPostprocessing = 0;
		};
		45926D9C18DE380100280908 /* Frameworks */ = {
			isa = PBXFrameworksBuildPhase;
			buildActionMask = 2147483647;
			files = (
				45926DA118DE380100280908 /* XCTest.framework in Frameworks */,
				45926DA318DE380100280908 /* UIKit.framework in Frameworks */,
				45926DA218DE380100280908 /* Foundation.framework in Frameworks */,
			);
			runOnlyForDeploymentPostprocessing = 0;
		};
/* End PBXFrameworksBuildPhase section */

/* Begin PBXGroup section */
		45926D7B18DE380100280908 = {
			isa = PBXGroup;
			children = (
				45926D8D18DE380100280908 /* WeatherTest */,
				45926DA618DE380100280908 /* WeatherTestTests */,
				45926D8618DE380100280908 /* Frameworks */,
				45926D8518DE380100280908 /* Products */,
			);
			sourceTree = "<group>";
		};
		45926D8518DE380100280908 /* Products */ = {
			isa = PBXGroup;
			children = (
				45926D8418DE380100280908 /* WeatherTest.app */,
				45926D9F18DE380100280908 /* WeatherTestTests.xctest */,
			);
			name = Products;
			sourceTree = "<group>";
		};
		45926D8618DE380100280908 /* Frameworks */ = {
			isa = PBXGroup;
			children = (
				45926D8718DE380100280908 /* Foundation.framework */,
				45926D8918DE380100280908 /* CoreGraphics.framework */,
				45926D8B18DE380100280908 /* UIKit.framework */,
				45926DA018DE380100280908 /* XCTest.framework */,
			);
			name = Frameworks;
			sourceTree = "<group>";
		};
		45926D8D18DE380100280908 /* WeatherTest */ = {
			isa = PBXGroup;
			children = (
				45926D9618DE380100280908 /* AppDelegate.h */,
				45926D9718DE380100280908 /* AppDelegate.m */,
				45926D9918DE380100280908 /* Images.xcassets */,
				45926D8E18DE380100280908 /* Supporting Files */,
			);
			path = WeatherTest;
			sourceTree = "<group>";
		};
		45926D8E18DE380100280908 /* Supporting Files */ = {
			isa = PBXGroup;
			children = (
				45926D8F18DE380100280908 /* WeatherTest-Info.plist */,
				45926D9018DE380100280908 /* InfoPlist.strings */,
				45926D9318DE380100280908 /* main.m */,
				45926D9518DE380100280908 /* WeatherTest-Prefix.pch */,
			);
			name = "Supporting Files";
			sourceTree = "<group>";
		};
		45926DA618DE380100280908 /* WeatherTestTests */ = {
			isa = PBXGroup;
			children = (
				45926DAC18DE380100280908 /* WeatherTestTests.m */,
				45926DA718DE380100280908 /* Supporting Files */,
			);
			path = WeatherTestTests;
			sourceTree = "<group>";
		};
		45926DA718DE380100280908 /* Supporting Files */ = {
			isa = PBXGroup;
			children = (
				45926DA818DE380100280908 /* WeatherTestTests-Info.plist */,
				45926DA918DE380100280908 /* InfoPlist.strings */,
			);
			name = "Supporting Files";
			sourceTree = "<group>";
		};
/* End PBXGroup section */

/* Begin PBXNativeTarget section */
		45926D8318DE380100280908 /* WeatherTest */ = {
			isa = PBXNativeTarget;
			buildConfigurationList = 45926DB018DE380100280908 /* Build configuration list for PBXNativeTarget "WeatherTest" */;
			buildPhases = (
				45926D8018DE380100280908 /* Sources */,
				45926D8118DE380100280908 /* Frameworks */,
				45926D8218DE380100280908 /* Resources */,
			);
			buildRules = (
			);
			dependencies = (
			);
			name = WeatherTest;
			productName = WeatherTest;
			productReference = 45926D8418DE380100280908 /* WeatherTest.app */;
			productType = "com.apple.product-type.application";
		};
		45926D9E18DE380100280908 /* WeatherTestTests */ = {
			isa = PBXNativeTarget;
			buildConfigurationList = 45926DB318DE380100280908 /* Build configuration list for PBXNativeTarget "WeatherTestTests" */;
			buildPhases = (
				45926D9B18DE380100280908 /* Sources */,
				45926D9C18DE380100280908 /* Frameworks */,
				45926D9D18DE380100280908 /* Resources */,
			);
			buildRules = (
			);
			dependencies = (
				45926DA518DE380100280908 /* PBXTargetDependency */,
			);
			name = WeatherTestTests;
			productName = WeatherTestTests;
			productReference = 45926D9F18DE380100280908 /* WeatherTestTests.xctest */;
			productType = "com.apple.product-type.bundle.unit-test";
		};
/* End PBXNativeTarget section */

/* Begin PBXProject section */
		45926D7C18DE380100280908 /* Project object */ = {
			isa = PBXProject;
			attributes = {
				LastUpgradeCheck = 0510;
				ORGANIZATIONNAME = "P. Sommerfeld";
				TargetAttributes = {
					45926D9E18DE380100280908 = {
						TestTargetID = 45926D8318DE380100280908;
					};
				};
			};
			buildConfigurationList = 45926D7F18DE380100280908 /* Build configuration list for PBXProject "WeatherTest" */;
			compatibilityVersion = "Xcode 3.2";
			developmentRegion = English;
			hasScannedForEncodings = 0;
			knownRegions = (
				en,
			);
			mainGroup = 45926D7B18DE380100280908;
			productRefGroup = 45926D8518DE380100280908 /* Products */;
			projectDirPath = "";
			projectRoot = "";
			targets = (
				45926D8318DE380100280908 /* WeatherTest */,
				45926D9E18DE380100280908 /* WeatherTestTests */,
			);
		};
/* End PBXProject section */

/* Begin PBXResourcesBuildPhase section */
		45926D8218DE380100280908 /* Resources */ = {
			isa = PBXResourcesBuildPhase;
			buildActionMask = 2147483647;
			files = (
				45926D9218DE380100280908 /* InfoPlist.strings in Resources */,
				45926D9A18DE380100280908 /* Images.xcassets in Resources */,
			);
			runOnlyForDeploymentPostprocessing = 0;
		};
		45926D9D18DE380100280908 /* Resources */ = {
			isa = PBXResourcesBuildPhase;
			buildActionMask = 2147483647;
			files = (
				45926DAB18DE380100280908 /* InfoPlist.strings in Resources */,
			);
			runOnlyForDeploymentPostprocessing = 0;
		};
/* End PBXResourcesBuildPhase section */

/* Begin PBXSourcesBuildPhase section */
		45926D8018DE380100280908 /* Sources */ = {
			isa = PBXSourcesBuildPhase;
			buildActionMask = 2147483647;
			files = (
				45926D9818DE380100280908 /* AppDelegate.m in Sources */,
				45926D9418DE380100280908 /* main.m in Sources */,
			);
			runOnlyForDeploymentPostprocessing = 0;
		};
		45926D9B18DE380100280908 /* Sources */ = {
			isa = PBXSourcesBuildPhase;
			buildActionMask = 2147483647;
			files = (
				45926DAD18DE380100280908 /* WeatherTestTests.m in Sources */,
			);
			runOnlyForDeploymentPostprocessing = 0;
		};
/* End PBXSourcesBuildPhase section */

/* Begin PBXTargetDependency section */
		45926DA518DE380100280908 /* PBXTargetDependency */ = {
			isa = PBXTargetDependency;
			target = 45926D8318DE380100280908 /* WeatherTest */;
			targetProxy = 45926DA418DE380100280908 /* PBXContainerItemProxy */;
		};
/* End PBXTargetDependency section */

/* Begin PBXVariantGroup section */
		45926D9018DE380100280908 /* InfoPlist.strings */ = {
			isa = PBXVariantGroup;
			children = (
				45926D9118DE380100280908 /* en */,
			);
			name = InfoPlist.strings;
			sourceTree = "<group>";
		};
		45926DA918DE380100280908 /* InfoPlist.strings */ = {
			isa = PBXVariantGroup;
			children = (
				45926DAA18DE380100280908 /* en */,
			);
			name = InfoPlist.strings;
			sourceTree = "<group>";
		};
/* End PBXVariantGroup section */

/* Begin XCBuildConfiguration section */
		45926DAE18DE380100280908 /* Debug */ = {
			isa = XCBuildConfiguration;
			buildSettings = {
				ALWAYS_SEARCH_USER_PATHS = NO;
				CLANG_CXX_LANGUAGE_STANDARD = "gnu++0x";
				CLANG_CXX_LIBRARY = "libc++";
				CLANG_ENABLE_MODULES = YES;
				CLANG_ENABLE_OBJC_ARC = YES;
				CLANG_WARN_BOOL_CONVERSION = YES;
				CLANG_WARN_CONSTANT_CONVERSION = YES;
				CLANG_WARN_DIRECT_OBJC_ISA_USAGE = YES_ERROR;
				CLANG_WARN_EMPTY_BODY = YES;
				CLANG_WARN_ENUM_CONVERSION = YES;
				CLANG_WARN_INT_CONVERSION = YES;
				CLANG_WARN_OBJC_ROOT_CLASS = YES_ERROR;
				CLANG_WARN__DUPLICATE_METHOD_MATCH = YES;
				"CODE_SIGN_IDENTITY[sdk=iphoneos*]" = "iPhone Developer";
				COPY_PHASE_STRIP = NO;
				GCC_C_LANGUAGE_STANDARD = gnu99;
				GCC_DYNAMIC_NO_PIC = NO;
				GCC_OPTIMIZATION_LEVEL = 0;
				GCC_PREPROCESSOR_DEFINITIONS = (
					"DEBUG=1",
					"$(inherited)",
				);
				GCC_SYMBOLS_PRIVATE_EXTERN = NO;
				GCC_WARN_64_TO_32_BIT_CONVERSION = YES;
				GCC_WARN_ABOUT_RETURN_TYPE = YES_ERROR;
				GCC_WARN_UNDECLARED_SELECTOR = YES;
				GCC_WARN_UNINITIALIZED_AUTOS = YES_AGGRESSIVE;
				GCC_WARN_UNUSED_FUNCTION = YES;
				GCC_WARN_UNUSED_VARIABLE = YES;
				IPHONEOS_DEPLOYMENT_TARGET = 7.1;
				ONLY_ACTIVE_ARCH = YES;
				SDKROOT = iphoneos;
			};
			name = Debug;
		};
		45926DAF18DE380100280908 /* Release */ = {
			isa = XCBuildConfiguration;
			buildSettings = {
				ALWAYS_SEARCH_USER_PATHS = NO;
				CLANG_CXX_LANGUAGE_STANDARD = "gnu++0x";
				CLANG_CXX_LIBRARY = "libc++";
				CLANG_ENABLE_MODULES = YES;
				CLANG_ENABLE_OBJC_ARC = YES;
				CLANG_WARN_BOOL_CONVERSION = YES;
				CLANG_WARN_CONSTANT_CONVERSION = YES;
				CLANG_WARN_DIRECT_OBJC_ISA_USAGE = YES_ERROR;
				CLANG_WARN_EMPTY_BODY = YES;
				CLANG_WARN_ENUM_CONVERSION = YES;
				CLANG_WARN_INT_CONVERSION = YES;
				CLANG_WARN_OBJC_ROOT_CLASS = YES_ERROR;
				CLANG_WARN__DUPLICATE_METHOD_MATCH = YES;
				"CODE_SIGN_IDENTITY[sdk=iphoneos*]" = "iPhone Developer";
				COPY_PHASE_STRIP = YES;
				ENABLE_NS_ASSERTIONS = NO;
				GCC_C_LANGUAGE_STANDARD = gnu99;
				GCC_WARN_64_TO_32_BIT_CONVERSION = YES;
				GCC_WARN_ABOUT_RETURN_TYPE = YES_ERROR;
				GCC_WARN_UNDECLARED_SELECTOR = YES;
				GCC_WARN_UNINITIALIZED_AUTOS = YES_AGGRESSIVE;
				GCC_WARN_UNUSED_FUNCTION = YES;
				GCC_WARN_UNUSED_VARIABLE = YES;
				IPHONEOS_DEPLOYMENT_TARGET = 7.1;
				SDKROOT = iphoneos;
				VALIDATE_PRODUCT = YES;
			};
			name = Release;
		};
		45926DB118DE380100280908 /* Debug */ = {
			isa = XCBuildConfiguration;
			buildSettings = {
				ASSETCATALOG_COMPILER_APPICON_NAME = AppIcon;
				ASSETCATALOG_COMPILER_LAUNCHIMAGE_NAME = LaunchImage;
				GCC_PRECOMPILE_PREFIX_HEADER = YES;
				GCC_PREFIX_HEADER = "WeatherTest/WeatherTest-Prefix.pch";
				INFOPLIST_FILE = "WeatherTest/WeatherTest-Info.plist";
				PRODUCT_NAME = "$(TARGET_NAME)";
				WRAPPER_EXTENSION = app;
			};
			name = Debug;
		};
		45926DB218DE380100280908 /* Release */ = {
			isa = XCBuildConfiguration;
			buildSettings = {
				ASSETCATALOG_COMPILER_APPICON_NAME = AppIcon;
				ASSETCATALOG_COMPILER_LAUNCHIMAGE_NAME = LaunchImage;
				GCC_PRECOMPILE_PREFIX_HEADER = YES;
				GCC_PREFIX_HEADER = "WeatherTest/WeatherTest-Prefix.pch";
				INFOPLIST_FILE = "WeatherTest/WeatherTest-Info.plist";
				PRODUCT_NAME = "$(TARGET_NAME)";
				WRAPPER_EXTENSION = app;
			};
			name = Release;
		};
		45926DB418DE380100280908 /* Debug */ = {
			isa = XCBuildConfiguration;
			buildSettings = {
				BUNDLE_LOADER = "$(BUILT_PRODUCTS_DIR)/WeatherTest.app/WeatherTest";
				FRAMEWORK_SEARCH_PATHS = (
					"$(SDKROOT)/Developer/Library/Frameworks",
					"$(inherited)",
					"$(DEVELOPER_FRAMEWORKS_DIR)",
				);
				GCC_PRECOMPILE_PREFIX_HEADER = YES;
				GCC_PREFIX_HEADER = "WeatherTest/WeatherTest-Prefix.pch";
				GCC_PREPROCESSOR_DEFINITIONS = (
					"DEBUG=1",
					"$(inherited)",
				);
				INFOPLIST_FILE = "WeatherTestTests/WeatherTestTests-Info.plist";
				PRODUCT_NAME = "$(TARGET_NAME)";
				TEST_HOST = "$(BUNDLE_LOADER)";
				WRAPPER_EXTENSION = xctest;
			};
			name = Debug;
		};
		45926DB518DE380100280908 /* Release */ = {
			isa = XCBuildConfiguration;
			buildSettings = {
				BUNDLE_LOADER = "$(BUILT_PRODUCTS_DIR)/WeatherTest.app/WeatherTest";
				FRAMEWORK_SEARCH_PATHS = (
					"$(SDKROOT)/Developer/Library/Frameworks",
					"$(inherited)",
					"$(DEVELOPER_FRAMEWORKS_DIR)",
				);
				GCC_PRECOMPILE_PREFIX_HEADER = YES;
				GCC_PREFIX_HEADER = "WeatherTest/WeatherTest-Prefix.pch";
				INFOPLIST_FILE = "WeatherTestTests/WeatherTestTests-Info.plist";
				PRODUCT_NAME = "$(TARGET_NAME)";
				TEST_HOST = "$(BUNDLE_LOADER)";
				WRAPPER_EXTENSION = xctest;
			};
			name = Release;
		};
/* End XCBuildConfiguration section */

/* Begin XCConfigurationList section */
		45926D7F18DE380100280908 /* Build configuration list for PBXProject "WeatherTest" */ = {
			isa = XCConfigurationList;
			buildConfigurations = (
				45926DAE18DE380100280908 /* Debug */,
				45926DAF18DE380100280908 /* Release */,
			);
			defaultConfigurationIsVisible = 0;
			defaultConfigurationName = Release;
		};
		45926DB018DE380100280908 /* Build configuration list for PBXNativeTarget "WeatherTest" */ = {
			isa = XCConfigurationList;
			buildConfigurations = (
				45926DB118DE380100280908 /* Debug */,
				45926DB218DE380100280908 /* Release */,
			);
			defaultConfigurationIsVisible = 0;
		};
		45926DB318DE380100280908 /* Build configuration list for PBXNativeTarget "WeatherTestTests" */ = {
			isa = XCConfigurationList;
			buildConfigurations = (
				45926DB418DE380100280908 /* Debug */,
				45926DB518DE380100280908 /* Release */,
			);
			defaultConfigurationIsVisible = 0;
		};
/* End XCConfigurationList section */
	};
	rootObject = 45926D7C18DE380100280908 /* Project object */;
}
